
Microsoft Visual Studio Solution File, Format Version 12.00
# Visual Studio Version 16
VisualStudioVersion = 16.0.31424.327
MinimumVisualStudioVersion = 10.0.40219.1
Project("{9A19103F-16F7-4668-BE54-9A1E7A4F7556}") = "AmrTaloniWebsite", "AmrTaloniWebsite\AmrTaloniWebsite.csproj", "{AE493190-A25B-4D03-AC16-B6DF9D469BE2}"
EndProject
Project("{FAE04EC0-301F-11D3-BF4B-00C04F79EFBC}") = "EmailServices", "EmailServices\EmailServices.csproj", "{4CCC609F-5E91-40EA-9393-F71C48410678}"
EndProject
Global
	GlobalSection(SolutionConfigurationPlatforms) = preSolution
		Debug|Any CPU = Debug|Any CPU
		Release|Any CPU = Release|Any CPU
	EndGlobalSection
	GlobalSection(ProjectConfigurationPlatforms) = postSolution
		{AE493190-A25B-4D03-AC16-B6DF9D469BE2}.Debug|Any CPU.ActiveCfg = Debug|Any CPU
		{AE493190-A25B-4D03-AC16-B6DF9D469BE2}.Debug|Any CPU.Build.0 = Debug|Any CPU
		{AE493190-A25B-4D03-AC16-B6DF9D469BE2}.Release|Any CPU.ActiveCfg = Release|Any CPU
		{AE493190-A25B-4D03-AC16-B6DF9D469BE2}.Release|Any CPU.Build.0 = Release|Any CPU
		{4CCC609F-5E91-40EA-9393-F71C48410678}.Debug|Any CPU.ActiveCfg = Debug|Any CPU
		{4CCC609F-5E91-40EA-9393-F71C48410678}.Debug|Any CPU.Build.0 = Debug|Any CPU
		{4CCC609F-5E91-40EA-9393-F71C48410678}.Release|Any CPU.ActiveCfg = Release|Any CPU
		{4CCC609F-5E91-40EA-9393-F71C48410678}.Release|Any CPU.Build.0 = Release|Any CPU
	EndGlobalSection
	GlobalSection(SolutionProperties) = preSolution
		HideSolutionNode = FALSE
	EndGlobalSection
	GlobalSection(ExtensibilityGlobals) = postSolution
		SolutionGuid = {EB727B81-071D-4D84-9844-65C89B6B8128}
	EndGlobalSection
EndGlobal
